// !$*UTF8*$!
{
	archiveVersion = 1;
	classes = {
	};
	objectVersion = 46;
	objects = {

/* Begin PBXBuildFile section */
		4E4F26E716B5020DEE35AC99 /* Pods_LiveDemo.framework in Frameworks */ = {isa = PBXBuildFile; fileRef = 37F139CB6734BFB3E23EEBB6 /* Pods_LiveDemo.framework */; };
		D926EEC61D7E801700D56E88 /* main.m in Sources */ = {isa = PBXBuildFile; fileRef = D926EEC51D7E801700D56E88 /* main.m */; };
		D926EEC91D7E801700D56E88 /* AppDelegate.m in Sources */ = {isa = PBXBuildFile; fileRef = D926EEC81D7E801700D56E88 /* AppDelegate.m */; };
		D926EED21D7E801700D56E88 /* Main.storyboard in Resources */ = {isa = PBXBuildFile; fileRef = D926EED01D7E801700D56E88 /* Main.storyboard */; };
		D926EED41D7E801700D56E88 /* Assets.xcassets in Resources */ = {isa = PBXBuildFile; fileRef = D926EED31D7E801700D56E88 /* Assets.xcassets */; };
		D926EED71D7E801700D56E88 /* LaunchScreen.storyboard in Resources */ = {isa = PBXBuildFile; fileRef = D926EED51D7E801700D56E88 /* LaunchScreen.storyboard */; };
		D926EEE71D7FF4CE00D56E88 /* FirstViewController.m in Sources */ = {isa = PBXBuildFile; fileRef = D926EEE11D7FF4CE00D56E88 /* FirstViewController.m */; };
		D926EEE81D7FF4CE00D56E88 /* SecondViewController.m in Sources */ = {isa = PBXBuildFile; fileRef = D926EEE31D7FF4CE00D56E88 /* SecondViewController.m */; };
		D926EEEE1D7FF54B00D56E88 /* HTBaseAPIClient.m in Sources */ = {isa = PBXBuildFile; fileRef = D926EEEB1D7FF54B00D56E88 /* HTBaseAPIClient.m */; };
		D926EEEF1D7FF54B00D56E88 /* HTBaseAPIManager.m in Sources */ = {isa = PBXBuildFile; fileRef = D926EEED1D7FF54B00D56E88 /* HTBaseAPIManager.m */; };
		D926EF2A1D7FF55300D56E88 /* HomeApiManager.m in Sources */ = {isa = PBXBuildFile; fileRef = D926EF0C1D7FF55300D56E88 /* HomeApiManager.m */; };
		D926EF2E1D7FF55300D56E88 /* HomeDataModel.m in Sources */ = {isa = PBXBuildFile; fileRef = D926EF141D7FF55300D56E88 /* HomeDataModel.m */; };
		D926EF391D7FF55B00D56E88 /* BaseVC.m in Sources */ = {isa = PBXBuildFile; fileRef = D926EF331D7FF55B00D56E88 /* BaseVC.m */; };
		D926EF3A1D7FF55B00D56E88 /* BaseNavVC.m in Sources */ = {isa = PBXBuildFile; fileRef = D926EF351D7FF55B00D56E88 /* BaseNavVC.m */; };
		D926EF3B1D7FF55B00D56E88 /* BaseWebVC.m in Sources */ = {isa = PBXBuildFile; fileRef = D926EF381D7FF55B00D56E88 /* BaseWebVC.m */; };
		D926EF411D7FF59A00D56E88 /* UIColor+Tools.m in Sources */ = {isa = PBXBuildFile; fileRef = D926EF3E1D7FF59A00D56E88 /* UIColor+Tools.m */; };
		D926EF421D7FF59A00D56E88 /* UIView+Layout.m in Sources */ = {isa = PBXBuildFile; fileRef = D926EF401D7FF59A00D56E88 /* UIView+Layout.m */; };
		D926EF471D8013C300D56E88 /* URLSet.m in Sources */ = {isa = PBXBuildFile; fileRef = D926EF461D8013C300D56E88 /* URLSet.m */; };
		D96B6B6E1DC899A700EDE198 /* TCChatCell.m in Sources */ = {isa = PBXBuildFile; fileRef = D96B6B6B1DC899A700EDE198 /* TCChatCell.m */; };
		D96B6B6F1DC899A700EDE198 /* TCViewController.m in Sources */ = {isa = PBXBuildFile; fileRef = D96B6B6D1DC899A700EDE198 /* TCViewController.m */; };
		D9B76D1D1DC98EFE004D4F30 /* UserModel.m in Sources */ = {isa = PBXBuildFile; fileRef = D9B76D1C1DC98EFE004D4F30 /* UserModel.m */; };
		D9B76D201DC990C0004D4F30 /* MessageModel.m in Sources */ = {isa = PBXBuildFile; fileRef = D9B76D1F1DC990C0004D4F30 /* MessageModel.m */; };
		D9C4D9CE1DB7658E0086BD19 /* VideoSettingModel.m in Sources */ = {isa = PBXBuildFile; fileRef = D9C4D9CA1DB7658E0086BD19 /* VideoSettingModel.m */; };
		D9C4D9CF1DB7658E0086BD19 /* VideoSettingViewModel.m in Sources */ = {isa = PBXBuildFile; fileRef = D9C4D9CD1DB7658E0086BD19 /* VideoSettingViewModel.m */; };
		D9C4D9D21DB765EE0086BD19 /* Defines.m in Sources */ = {isa = PBXBuildFile; fileRef = D9C4D9D11DB765EE0086BD19 /* Defines.m */; };
		D9C4D9D41DB76A7A0086BD19 /* CoreGraphics.framework in Frameworks */ = {isa = PBXBuildFile; fileRef = D9C4D9D31DB76A7A0086BD19 /* CoreGraphics.framework */; };
		D9C4D9D61DB773670086BD19 /* libz.tbd in Frameworks */ = {isa = PBXBuildFile; fileRef = D9C4D9D51DB773670086BD19 /* libz.tbd */; };
		D9C4D9D81DB773760086BD19 /* libc++.tbd in Frameworks */ = {isa = PBXBuildFile; fileRef = D9C4D9D71DB773760086BD19 /* libc++.tbd */; };
		D9C4D9DA1DB774630086BD19 /* AudioToolbox.framework in Frameworks */ = {isa = PBXBuildFile; fileRef = D9C4D9D91DB774630086BD19 /* AudioToolbox.framework */; };
		D9C4D9DC1DB7746B0086BD19 /* CoreMedia.framework in Frameworks */ = {isa = PBXBuildFile; fileRef = D9C4D9DB1DB7746B0086BD19 /* CoreMedia.framework */; };
		D9C4D9DE1DB774730086BD19 /* VideoToolbox.framework in Frameworks */ = {isa = PBXBuildFile; fileRef = D9C4D9DD1DB774730086BD19 /* VideoToolbox.framework */; };
		D9C4D9E01DB774E40086BD19 /* UIKit.framework in Frameworks */ = {isa = PBXBuildFile; fileRef = D9C4D9DF1DB774E40086BD19 /* UIKit.framework */; };
		D9C4D9EF1DB776630086BD19 /* StreamingLandscapeViewController.m in Sources */ = {isa = PBXBuildFile; fileRef = D9C4D9E41DB776630086BD19 /* StreamingLandscapeViewController.m */; };
		D9C4D9F01DB776630086BD19 /* StreamingModel.m in Sources */ = {isa = PBXBuildFile; fileRef = D9C4D9E61DB776630086BD19 /* StreamingModel.m */; };
		D9C4D9F11DB776630086BD19 /* StreamingPortraitViewController.m in Sources */ = {isa = PBXBuildFile; fileRef = D9C4D9E81DB776630086BD19 /* StreamingPortraitViewController.m */; };
		D9C4D9F21DB776630086BD19 /* StreamingViewController.m in Sources */ = {isa = PBXBuildFile; fileRef = D9C4D9EA1DB776630086BD19 /* StreamingViewController.m */; };
		D9C4D9F31DB776630086BD19 /* StreamingViewModel.m in Sources */ = {isa = PBXBuildFile; fileRef = D9C4D9EC1DB776630086BD19 /* StreamingViewModel.m */; };
		D9C4D9F41DB776630086BD19 /* VideoCore.framework in Frameworks */ = {isa = PBXBuildFile; fileRef = D9C4D9EE1DB776630086BD19 /* VideoCore.framework */; };
		D9C4D9F81DB77B8E0086BD19 /* VideoCore.framework in Resources */ = {isa = PBXBuildFile; fileRef = D9C4D9EE1DB776630086BD19 /* VideoCore.framework */; };
		D9C4D9FB1DB77C4C0086BD19 /* VideoCore.framework in Embed Frameworks */ = {isa = PBXBuildFile; fileRef = D9C4D9EE1DB776630086BD19 /* VideoCore.framework */; settings = {ATTRIBUTES = (CodeSignOnCopy, RemoveHeadersOnCopy, ); }; };
		D9C4D9FE1DB780B90086BD19 /* DemoViewController.m in Sources */ = {isa = PBXBuildFile; fileRef = D9C4D9FD1DB780B90086BD19 /* DemoViewController.m */; };
/* End PBXBuildFile section */

/* Begin PBXCopyFilesBuildPhase section */
		D9C4D9FA1DB77C340086BD19 /* Embed Frameworks */ = {
			isa = PBXCopyFilesBuildPhase;
			buildActionMask = 2147483647;
			dstPath = "";
			dstSubfolderSpec = 10;
			files = (
				D9C4D9FB1DB77C4C0086BD19 /* VideoCore.framework in Embed Frameworks */,
			);
			name = "Embed Frameworks";
			runOnlyForDeploymentPostprocessing = 0;
		};
/* End PBXCopyFilesBuildPhase section */

/* Begin PBXFileReference section */
		020D0F76AAAE66EC52CAC102 /* Pods-LiveDemo.debug.xcconfig */ = {isa = PBXFileReference; includeInIndex = 1; lastKnownFileType = text.xcconfig; name = "Pods-LiveDemo.debug.xcconfig"; path = "Pods/Target Support Files/Pods-LiveDemo/Pods-LiveDemo.debug.xcconfig"; sourceTree = "<group>"; };
		37F139CB6734BFB3E23EEBB6 /* Pods_LiveDemo.framework */ = {isa = PBXFileReference; explicitFileType = wrapper.framework; includeInIndex = 0; path = Pods_LiveDemo.framework; sourceTree = BUILT_PRODUCTS_DIR; };
		A0CF0BA59BA20BB47BBE4994 /* Pods-LiveDemo.release.xcconfig */ = {isa = PBXFileReference; includeInIndex = 1; lastKnownFileType = text.xcconfig; name = "Pods-LiveDemo.release.xcconfig"; path = "Pods/Target Support Files/Pods-LiveDemo/Pods-LiveDemo.release.xcconfig"; sourceTree = "<group>"; };
		D926EEC11D7E801700D56E88 /* LiveDemo.app */ = {isa = PBXFileReference; explicitFileType = wrapper.application; includeInIndex = 0; path = LiveDemo.app; sourceTree = BUILT_PRODUCTS_DIR; };
		D926EEC51D7E801700D56E88 /* main.m */ = {isa = PBXFileReference; lastKnownFileType = sourcecode.c.objc; path = main.m; sourceTree = "<group>"; };
		D926EEC71D7E801700D56E88 /* AppDelegate.h */ = {isa = PBXFileReference; lastKnownFileType = sourcecode.c.h; path = AppDelegate.h; sourceTree = "<group>"; };
		D926EEC81D7E801700D56E88 /* AppDelegate.m */ = {isa = PBXFileReference; lastKnownFileType = sourcecode.c.objc; path = AppDelegate.m; sourceTree = "<group>"; };
		D926EED11D7E801700D56E88 /* Base */ = {isa = PBXFileReference; lastKnownFileType = file.storyboard; name = Base; path = Base.lproj/Main.storyboard; sourceTree = "<group>"; };
		D926EED31D7E801700D56E88 /* Assets.xcassets */ = {isa = PBXFileReference; lastKnownFileType = folder.assetcatalog; path = Assets.xcassets; sourceTree = "<group>"; };
		D926EED61D7E801700D56E88 /* Base */ = {isa = PBXFileReference; lastKnownFileType = file.storyboard; name = Base; path = Base.lproj/LaunchScreen.storyboard; sourceTree = "<group>"; };
		D926EED81D7E801700D56E88 /* Info.plist */ = {isa = PBXFileReference; lastKnownFileType = text.plist.xml; path = Info.plist; sourceTree = "<group>"; };
		D926EEE01D7FF4CE00D56E88 /* FirstViewController.h */ = {isa = PBXFileReference; fileEncoding = 4; lastKnownFileType = sourcecode.c.h; path = FirstViewController.h; sourceTree = "<group>"; };
		D926EEE11D7FF4CE00D56E88 /* FirstViewController.m */ = {isa = PBXFileReference; fileEncoding = 4; lastKnownFileType = sourcecode.c.objc; path = FirstViewController.m; sourceTree = "<group>"; };
		D926EEE21D7FF4CE00D56E88 /* SecondViewController.h */ = {isa = PBXFileReference; fileEncoding = 4; lastKnownFileType = sourcecode.c.h; path = SecondViewController.h; sourceTree = "<group>"; };
		D926EEE31D7FF4CE00D56E88 /* SecondViewController.m */ = {isa = PBXFileReference; fileEncoding = 4; lastKnownFileType = sourcecode.c.objc; path = SecondViewController.m; sourceTree = "<group>"; };
		D926EEEA1D7FF54B00D56E88 /* HTBaseAPIClient.h */ = {isa = PBXFileReference; fileEncoding = 4; lastKnownFileType = sourcecode.c.h; path = HTBaseAPIClient.h; sourceTree = "<group>"; };
		D926EEEB1D7FF54B00D56E88 /* HTBaseAPIClient.m */ = {isa = PBXFileReference; fileEncoding = 4; lastKnownFileType = sourcecode.c.objc; path = HTBaseAPIClient.m; sourceTree = "<group>"; };
		D926EEEC1D7FF54B00D56E88 /* HTBaseAPIManager.h */ = {isa = PBXFileReference; fileEncoding = 4; lastKnownFileType = sourcecode.c.h; path = HTBaseAPIManager.h; sourceTree = "<group>"; };
		D926EEED1D7FF54B00D56E88 /* HTBaseAPIManager.m */ = {isa = PBXFileReference; fileEncoding = 4; lastKnownFileType = sourcecode.c.objc; path = HTBaseAPIManager.m; sourceTree = "<group>"; };
		D926EF0B1D7FF55300D56E88 /* HomeApiManager.h */ = {isa = PBXFileReference; fileEncoding = 4; lastKnownFileType = sourcecode.c.h; path = HomeApiManager.h; sourceTree = "<group>"; };
		D926EF0C1D7FF55300D56E88 /* HomeApiManager.m */ = {isa = PBXFileReference; fileEncoding = 4; lastKnownFileType = sourcecode.c.objc; path = HomeApiManager.m; sourceTree = "<group>"; };
		D926EF131D7FF55300D56E88 /* HomeDataModel.h */ = {isa = PBXFileReference; fileEncoding = 4; lastKnownFileType = sourcecode.c.h; path = HomeDataModel.h; sourceTree = "<group>"; };
		D926EF141D7FF55300D56E88 /* HomeDataModel.m */ = {isa = PBXFileReference; fileEncoding = 4; lastKnownFileType = sourcecode.c.objc; path = HomeDataModel.m; sourceTree = "<group>"; };
		D926EF331D7FF55B00D56E88 /* BaseVC.m */ = {isa = PBXFileReference; fileEncoding = 4; lastKnownFileType = sourcecode.c.objc; path = BaseVC.m; sourceTree = "<group>"; };
		D926EF341D7FF55B00D56E88 /* BaseVC.h */ = {isa = PBXFileReference; fileEncoding = 4; lastKnownFileType = sourcecode.c.h; path = BaseVC.h; sourceTree = "<group>"; };
		D926EF351D7FF55B00D56E88 /* BaseNavVC.m */ = {isa = PBXFileReference; fileEncoding = 4; lastKnownFileType = sourcecode.c.objc; path = BaseNavVC.m; sourceTree = "<group>"; };
		D926EF361D7FF55B00D56E88 /* BaseNavVC.h */ = {isa = PBXFileReference; fileEncoding = 4; lastKnownFileType = sourcecode.c.h; path = BaseNavVC.h; sourceTree = "<group>"; };
		D926EF371D7FF55B00D56E88 /* BaseWebVC.h */ = {isa = PBXFileReference; fileEncoding = 4; lastKnownFileType = sourcecode.c.h; path = BaseWebVC.h; sourceTree = "<group>"; };
		D926EF381D7FF55B00D56E88 /* BaseWebVC.m */ = {isa = PBXFileReference; fileEncoding = 4; lastKnownFileType = sourcecode.c.objc; path = BaseWebVC.m; sourceTree = "<group>"; };
		D926EF3D1D7FF59A00D56E88 /* UIColor+Tools.h */ = {isa = PBXFileReference; fileEncoding = 4; lastKnownFileType = sourcecode.c.h; path = "UIColor+Tools.h"; sourceTree = "<group>"; };
		D926EF3E1D7FF59A00D56E88 /* UIColor+Tools.m */ = {isa = PBXFileReference; fileEncoding = 4; lastKnownFileType = sourcecode.c.objc; path = "UIColor+Tools.m"; sourceTree = "<group>"; };
		D926EF3F1D7FF59A00D56E88 /* UIView+Layout.h */ = {isa = PBXFileReference; fileEncoding = 4; lastKnownFileType = sourcecode.c.h; path = "UIView+Layout.h"; sourceTree = "<group>"; };
		D926EF401D7FF59A00D56E88 /* UIView+Layout.m */ = {isa = PBXFileReference; fileEncoding = 4; lastKnownFileType = sourcecode.c.objc; path = "UIView+Layout.m"; sourceTree = "<group>"; };
		D926EF431D8012FB00D56E88 /* LiveDemo-Prefix.pch */ = {isa = PBXFileReference; fileEncoding = 4; lastKnownFileType = sourcecode.c.h; path = "LiveDemo-Prefix.pch"; sourceTree = "<group>"; };
		D926EF441D80138900D56E88 /* Macro.h */ = {isa = PBXFileReference; fileEncoding = 4; lastKnownFileType = sourcecode.c.h; path = Macro.h; sourceTree = "<group>"; };
		D926EF451D8013C300D56E88 /* URLSet.h */ = {isa = PBXFileReference; fileEncoding = 4; lastKnownFileType = sourcecode.c.h; path = URLSet.h; sourceTree = "<group>"; };
		D926EF461D8013C300D56E88 /* URLSet.m */ = {isa = PBXFileReference; fileEncoding = 4; lastKnownFileType = sourcecode.c.objc; path = URLSet.m; sourceTree = "<group>"; };
		D96B6B6A1DC899A700EDE198 /* TCChatCell.h */ = {isa = PBXFileReference; fileEncoding = 4; lastKnownFileType = sourcecode.c.h; path = TCChatCell.h; sourceTree = "<group>"; };
		D96B6B6B1DC899A700EDE198 /* TCChatCell.m */ = {isa = PBXFileReference; fileEncoding = 4; lastKnownFileType = sourcecode.c.objc; path = TCChatCell.m; sourceTree = "<group>"; };
		D96B6B6C1DC899A700EDE198 /* TCViewController.h */ = {isa = PBXFileReference; fileEncoding = 4; lastKnownFileType = sourcecode.c.h; path = TCViewController.h; sourceTree = "<group>"; };
		D96B6B6D1DC899A700EDE198 /* TCViewController.m */ = {isa = PBXFileReference; fileEncoding = 4; lastKnownFileType = sourcecode.c.objc; path = TCViewController.m; sourceTree = "<group>"; };
		D9B76D1B1DC98EFE004D4F30 /* UserModel.h */ = {isa = PBXFileReference; fileEncoding = 4; lastKnownFileType = sourcecode.c.h; path = UserModel.h; sourceTree = "<group>"; };
		D9B76D1C1DC98EFE004D4F30 /* UserModel.m */ = {isa = PBXFileReference; fileEncoding = 4; lastKnownFileType = sourcecode.c.objc; path = UserModel.m; sourceTree = "<group>"; };
		D9B76D1E1DC990C0004D4F30 /* MessageModel.h */ = {isa = PBXFileReference; fileEncoding = 4; lastKnownFileType = sourcecode.c.h; path = MessageModel.h; sourceTree = "<group>"; };
		D9B76D1F1DC990C0004D4F30 /* MessageModel.m */ = {isa = PBXFileReference; fileEncoding = 4; lastKnownFileType = sourcecode.c.objc; path = MessageModel.m; sourceTree = "<group>"; };
		D9C4D9CA1DB7658E0086BD19 /* VideoSettingModel.m */ = {isa = PBXFileReference; fileEncoding = 4; lastKnownFileType = sourcecode.c.objc; path = VideoSettingModel.m; sourceTree = "<group>"; };
		D9C4D9CB1DB7658E0086BD19 /* VideoSettingModel.h */ = {isa = PBXFileReference; fileEncoding = 4; lastKnownFileType = sourcecode.c.h; path = VideoSettingModel.h; sourceTree = "<group>"; };
		D9C4D9CC1DB7658E0086BD19 /* VideoSettingViewModel.h */ = {isa = PBXFileReference; fileEncoding = 4; lastKnownFileType = sourcecode.c.h; path = VideoSettingViewModel.h; sourceTree = "<group>"; };
		D9C4D9CD1DB7658E0086BD19 /* VideoSettingViewModel.m */ = {isa = PBXFileReference; fileEncoding = 4; lastKnownFileType = sourcecode.c.objc; path = VideoSettingViewModel.m; sourceTree = "<group>"; };
		D9C4D9D01DB765EE0086BD19 /* Defines.h */ = {isa = PBXFileReference; fileEncoding = 4; lastKnownFileType = sourcecode.c.h; path = Defines.h; sourceTree = "<group>"; };
		D9C4D9D11DB765EE0086BD19 /* Defines.m */ = {isa = PBXFileReference; fileEncoding = 4; lastKnownFileType = sourcecode.c.objc; path = Defines.m; sourceTree = "<group>"; };
		D9C4D9D31DB76A7A0086BD19 /* CoreGraphics.framework */ = {isa = PBXFileReference; lastKnownFileType = wrapper.framework; name = CoreGraphics.framework; path = System/Library/Frameworks/CoreGraphics.framework; sourceTree = SDKROOT; };
		D9C4D9D51DB773670086BD19 /* libz.tbd */ = {isa = PBXFileReference; lastKnownFileType = "sourcecode.text-based-dylib-definition"; name = libz.tbd; path = usr/lib/libz.tbd; sourceTree = SDKROOT; };
		D9C4D9D71DB773760086BD19 /* libc++.tbd */ = {isa = PBXFileReference; lastKnownFileType = "sourcecode.text-based-dylib-definition"; name = "libc++.tbd"; path = "usr/lib/libc++.tbd"; sourceTree = SDKROOT; };
		D9C4D9D91DB774630086BD19 /* AudioToolbox.framework */ = {isa = PBXFileReference; lastKnownFileType = wrapper.framework; name = AudioToolbox.framework; path = System/Library/Frameworks/AudioToolbox.framework; sourceTree = SDKROOT; };
		D9C4D9DB1DB7746B0086BD19 /* CoreMedia.framework */ = {isa = PBXFileReference; lastKnownFileType = wrapper.framework; name = CoreMedia.framework; path = System/Library/Frameworks/CoreMedia.framework; sourceTree = SDKROOT; };
		D9C4D9DD1DB774730086BD19 /* VideoToolbox.framework */ = {isa = PBXFileReference; lastKnownFileType = wrapper.framework; name = VideoToolbox.framework; path = System/Library/Frameworks/VideoToolbox.framework; sourceTree = SDKROOT; };
		D9C4D9DF1DB774E40086BD19 /* UIKit.framework */ = {isa = PBXFileReference; lastKnownFileType = wrapper.framework; name = UIKit.framework; path = System/Library/Frameworks/UIKit.framework; sourceTree = SDKROOT; };
		D9C4D9E31DB776630086BD19 /* StreamingLandscapeViewController.h */ = {isa = PBXFileReference; fileEncoding = 4; lastKnownFileType = sourcecode.c.h; path = StreamingLandscapeViewController.h; sourceTree = "<group>"; };
		D9C4D9E41DB776630086BD19 /* StreamingLandscapeViewController.m */ = {isa = PBXFileReference; fileEncoding = 4; lastKnownFileType = sourcecode.c.objc; path = StreamingLandscapeViewController.m; sourceTree = "<group>"; };
		D9C4D9E51DB776630086BD19 /* StreamingModel.h */ = {isa = PBXFileReference; fileEncoding = 4; lastKnownFileType = sourcecode.c.h; path = StreamingModel.h; sourceTree = "<group>"; };
		D9C4D9E61DB776630086BD19 /* StreamingModel.m */ = {isa = PBXFileReference; fileEncoding = 4; lastKnownFileType = sourcecode.c.objc; path = StreamingModel.m; sourceTree = "<group>"; };
		D9C4D9E71DB776630086BD19 /* StreamingPortraitViewController.h */ = {isa = PBXFileReference; fileEncoding = 4; lastKnownFileType = sourcecode.c.h; path = StreamingPortraitViewController.h; sourceTree = "<group>"; };
		D9C4D9E81DB776630086BD19 /* StreamingPortraitViewController.m */ = {isa = PBXFileReference; fileEncoding = 4; lastKnownFileType = sourcecode.c.objc; path = StreamingPortraitViewController.m; sourceTree = "<group>"; };
		D9C4D9E91DB776630086BD19 /* StreamingViewController.h */ = {isa = PBXFileReference; fileEncoding = 4; lastKnownFileType = sourcecode.c.h; path = StreamingViewController.h; sourceTree = "<group>"; };
		D9C4D9EA1DB776630086BD19 /* StreamingViewController.m */ = {isa = PBXFileReference; fileEncoding = 4; lastKnownFileType = sourcecode.c.objc; path = StreamingViewController.m; sourceTree = "<group>"; };
		D9C4D9EB1DB776630086BD19 /* StreamingViewModel.h */ = {isa = PBXFileReference; fileEncoding = 4; lastKnownFileType = sourcecode.c.h; path = StreamingViewModel.h; sourceTree = "<group>"; };
		D9C4D9EC1DB776630086BD19 /* StreamingViewModel.m */ = {isa = PBXFileReference; fileEncoding = 4; lastKnownFileType = sourcecode.c.objc; path = StreamingViewModel.m; sourceTree = "<group>"; };
		D9C4D9EE1DB776630086BD19 /* VideoCore.framework */ = {isa = PBXFileReference; lastKnownFileType = wrapper.framework; path = VideoCore.framework; sourceTree = "<group>"; };
		D9C4D9FC1DB780B90086BD19 /* DemoViewController.h */ = {isa = PBXFileReference; fileEncoding = 4; lastKnownFileType = sourcecode.c.h; path = DemoViewController.h; sourceTree = "<group>"; };
		D9C4D9FD1DB780B90086BD19 /* DemoViewController.m */ = {isa = PBXFileReference; fileEncoding = 4; lastKnownFileType = sourcecode.c.objc; path = DemoViewController.m; sourceTree = "<group>"; };
/* End PBXFileReference section */

/* Begin PBXFrameworksBuildPhase section */
		D926EEBE1D7E801700D56E88 /* Frameworks */ = {
			isa = PBXFrameworksBuildPhase;
			buildActionMask = 2147483647;
			files = (
				D9C4D9E01DB774E40086BD19 /* UIKit.framework in Frameworks */,
				D9C4D9DE1DB774730086BD19 /* VideoToolbox.framework in Frameworks */,
				D9C4D9F41DB776630086BD19 /* VideoCore.framework in Frameworks */,
				D9C4D9DC1DB7746B0086BD19 /* CoreMedia.framework in Frameworks */,
				D9C4D9DA1DB774630086BD19 /* AudioToolbox.framework in Frameworks */,
				D9C4D9D81DB773760086BD19 /* libc++.tbd in Frameworks */,
				D9C4D9D61DB773670086BD19 /* libz.tbd in Frameworks */,
				D9C4D9D41DB76A7A0086BD19 /* CoreGraphics.framework in Frameworks */,
				4E4F26E716B5020DEE35AC99 /* Pods_LiveDemo.framework in Frameworks */,
			);
			runOnlyForDeploymentPostprocessing = 0;
		};
/* End PBXFrameworksBuildPhase section */

/* Begin PBXGroup section */
		2DE0E98F1269D87FD1EB22B5 /* Frameworks */ = {
			isa = PBXGroup;
			children = (
				D9C4D9DF1DB774E40086BD19 /* UIKit.framework */,
				D9C4D9DD1DB774730086BD19 /* VideoToolbox.framework */,
				D9C4D9DB1DB7746B0086BD19 /* CoreMedia.framework */,
				D9C4D9D91DB774630086BD19 /* AudioToolbox.framework */,
				D9C4D9D71DB773760086BD19 /* libc++.tbd */,
				D9C4D9D51DB773670086BD19 /* libz.tbd */,
				D9C4D9D31DB76A7A0086BD19 /* CoreGraphics.framework */,
				37F139CB6734BFB3E23EEBB6 /* Pods_LiveDemo.framework */,
			);
			name = Frameworks;
			sourceTree = "<group>";
		};
		6A1BE977AF2E46CD4538EA0E /* Pods */ = {
			isa = PBXGroup;
			children = (
				020D0F76AAAE66EC52CAC102 /* Pods-LiveDemo.debug.xcconfig */,
				A0CF0BA59BA20BB47BBE4994 /* Pods-LiveDemo.release.xcconfig */,
			);
			name = Pods;
			sourceTree = "<group>";
		};
		D926EEB81D7E801700D56E88 = {
			isa = PBXGroup;
			children = (
				D926EEC31D7E801700D56E88 /* LiveDemo */,
				D926EEC21D7E801700D56E88 /* Products */,
				6A1BE977AF2E46CD4538EA0E /* Pods */,
				2DE0E98F1269D87FD1EB22B5 /* Frameworks */,
			);
			sourceTree = "<group>";
		};
		D926EEC21D7E801700D56E88 /* Products */ = {
			isa = PBXGroup;
			children = (
				D926EEC11D7E801700D56E88 /* LiveDemo.app */,
			);
			name = Products;
			sourceTree = "<group>";
		};
		D926EEC31D7E801700D56E88 /* LiveDemo */ = {
			isa = PBXGroup;
			children = (
				D926EEDE1D7FF4CE00D56E88 /* BaseVC */,
				D926EEDF1D7FF4CE00D56E88 /* ViewController */,
				D926EEE41D7FF4CE00D56E88 /* Setting */,
				D926EEE51D7FF4CE00D56E88 /* Util */,
				D926EEE61D7FF4CE00D56E88 /* Model */,
				D926EEC71D7E801700D56E88 /* AppDelegate.h */,
				D926EEC81D7E801700D56E88 /* AppDelegate.m */,
				D926EED01D7E801700D56E88 /* Main.storyboard */,
				D926EED31D7E801700D56E88 /* Assets.xcassets */,
				D926EED51D7E801700D56E88 /* LaunchScreen.storyboard */,
				D926EED81D7E801700D56E88 /* Info.plist */,
				D926EEC41D7E801700D56E88 /* Supporting Files */,
			);
			path = LiveDemo;
			sourceTree = "<group>";
		};
		D926EEC41D7E801700D56E88 /* Supporting Files */ = {
			isa = PBXGroup;
			children = (
				D926EF431D8012FB00D56E88 /* LiveDemo-Prefix.pch */,
				D926EEC51D7E801700D56E88 /* main.m */,
			);
			name = "Supporting Files";
			sourceTree = "<group>";
		};
		D926EEDE1D7FF4CE00D56E88 /* BaseVC */ = {
			isa = PBXGroup;
			children = (
				D926EF331D7FF55B00D56E88 /* BaseVC.m */,
				D926EF341D7FF55B00D56E88 /* BaseVC.h */,
				D926EF351D7FF55B00D56E88 /* BaseNavVC.m */,
				D926EF361D7FF55B00D56E88 /* BaseNavVC.h */,
				D926EF371D7FF55B00D56E88 /* BaseWebVC.h */,
				D926EF381D7FF55B00D56E88 /* BaseWebVC.m */,
			);
			path = BaseVC;
			sourceTree = "<group>";
		};
		D926EEDF1D7FF4CE00D56E88 /* ViewController */ = {
			isa = PBXGroup;
			children = (
				D96B6B6A1DC899A700EDE198 /* TCChatCell.h */,
				D96B6B6B1DC899A700EDE198 /* TCChatCell.m */,
				D96B6B6C1DC899A700EDE198 /* TCViewController.h */,
				D96B6B6D1DC899A700EDE198 /* TCViewController.m */,
				D926EEE01D7FF4CE00D56E88 /* FirstViewController.h */,
				D926EEE11D7FF4CE00D56E88 /* FirstViewController.m */,
				D926EEE21D7FF4CE00D56E88 /* SecondViewController.h */,
				D926EEE31D7FF4CE00D56E88 /* SecondViewController.m */,
				D9C4D9FC1DB780B90086BD19 /* DemoViewController.h */,
				D9C4D9FD1DB780B90086BD19 /* DemoViewController.m */,
				D9B76D1B1DC98EFE004D4F30 /* UserModel.h */,
				D9B76D1C1DC98EFE004D4F30 /* UserModel.m */,
				D9B76D1E1DC990C0004D4F30 /* MessageModel.h */,
				D9B76D1F1DC990C0004D4F30 /* MessageModel.m */,
			);
			path = ViewController;
			sourceTree = "<group>";
		};
		D926EEE41D7FF4CE00D56E88 /* Setting */ = {
			isa = PBXGroup;
			children = (
				D9C4D9D01DB765EE0086BD19 /* Defines.h */,
				D9C4D9D11DB765EE0086BD19 /* Defines.m */,
				D926EF451D8013C300D56E88 /* URLSet.h */,
				D926EF461D8013C300D56E88 /* URLSet.m */,
				D926EF441D80138900D56E88 /* Macro.h */,
			);
			path = Setting;
			sourceTree = "<group>";
		};
		D926EEE51D7FF4CE00D56E88 /* Util */ = {
			isa = PBXGroup;
			children = (
				D9C4D9E21DB776630086BD19 /* Streaming */,
				D9C4D9ED1DB776630086BD19 /* Video */,
				D926EF3C1D7FF59A00D56E88 /* Categories */,
				D926EEE91D7FF54B00D56E88 /* NetWork */,
			);
			path = Util;
			sourceTree = "<group>";
		};
		D926EEE61D7FF4CE00D56E88 /* Model */ = {
			isa = PBXGroup;
			children = (
				D926EEF01D7FF55300D56E88 /* HomeAPI */,
			);
			path = Model;
			sourceTree = "<group>";
		};
		D926EEE91D7FF54B00D56E88 /* NetWork */ = {
			isa = PBXGroup;
			children = (
				D926EEEA1D7FF54B00D56E88 /* HTBaseAPIClient.h */,
				D926EEEB1D7FF54B00D56E88 /* HTBaseAPIClient.m */,
				D926EEEC1D7FF54B00D56E88 /* HTBaseAPIManager.h */,
				D926EEED1D7FF54B00D56E88 /* HTBaseAPIManager.m */,
			);
			path = NetWork;
			sourceTree = "<group>";
		};
		D926EEF01D7FF55300D56E88 /* HomeAPI */ = {
			isa = PBXGroup;
			children = (
				D9C4D9CB1DB7658E0086BD19 /* VideoSettingModel.h */,
				D9C4D9CA1DB7658E0086BD19 /* VideoSettingModel.m */,
				D9C4D9CC1DB7658E0086BD19 /* VideoSettingViewModel.h */,
				D9C4D9CD1DB7658E0086BD19 /* VideoSettingViewModel.m */,
				D926EF0B1D7FF55300D56E88 /* HomeApiManager.h */,
				D926EF0C1D7FF55300D56E88 /* HomeApiManager.m */,
				D926EF131D7FF55300D56E88 /* HomeDataModel.h */,
				D926EF141D7FF55300D56E88 /* HomeDataModel.m */,
			);
			path = HomeAPI;
			sourceTree = "<group>";
		};
		D926EF3C1D7FF59A00D56E88 /* Categories */ = {
			isa = PBXGroup;
			children = (
				D926EF3D1D7FF59A00D56E88 /* UIColor+Tools.h */,
				D926EF3E1D7FF59A00D56E88 /* UIColor+Tools.m */,
				D926EF3F1D7FF59A00D56E88 /* UIView+Layout.h */,
				D926EF401D7FF59A00D56E88 /* UIView+Layout.m */,
			);
			path = Categories;
			sourceTree = "<group>";
		};
		D9C4D9E21DB776630086BD19 /* Streaming */ = {
			isa = PBXGroup;
			children = (
				D9C4D9E31DB776630086BD19 /* StreamingLandscapeViewController.h */,
				D9C4D9E41DB776630086BD19 /* StreamingLandscapeViewController.m */,
				D9C4D9E51DB776630086BD19 /* StreamingModel.h */,
				D9C4D9E61DB776630086BD19 /* StreamingModel.m */,
				D9C4D9E71DB776630086BD19 /* StreamingPortraitViewController.h */,
				D9C4D9E81DB776630086BD19 /* StreamingPortraitViewController.m */,
				D9C4D9E91DB776630086BD19 /* StreamingViewController.h */,
				D9C4D9EA1DB776630086BD19 /* StreamingViewController.m */,
				D9C4D9EB1DB776630086BD19 /* StreamingViewModel.h */,
				D9C4D9EC1DB776630086BD19 /* StreamingViewModel.m */,
			);
			path = Streaming;
			sourceTree = "<group>";
		};
		D9C4D9ED1DB776630086BD19 /* Video */ = {
			isa = PBXGroup;
			children = (
				D9C4D9EE1DB776630086BD19 /* VideoCore.framework */,
			);
			path = Video;
			sourceTree = "<group>";
		};
/* End PBXGroup section */

/* Begin PBXNativeTarget section */
		D926EEC01D7E801700D56E88 /* LiveDemo */ = {
			isa = PBXNativeTarget;
			buildConfigurationList = D926EEDB1D7E801700D56E88 /* Build configuration list for PBXNativeTarget "LiveDemo" */;
			buildPhases = (
				C50F74273442CA81B906FB11 /* [CP] Check Pods Manifest.lock */,
				D926EEBD1D7E801700D56E88 /* Sources */,
				D926EEBE1D7E801700D56E88 /* Frameworks */,
				D926EEBF1D7E801700D56E88 /* Resources */,
				96B96BB028A54339A9729674 /* [CP] Embed Pods Frameworks */,
				76F445139CEEA9A509D78271 /* [CP] Copy Pods Resources */,
				D9C4D9FA1DB77C340086BD19 /* Embed Frameworks */,
			);
			buildRules = (
			);
			dependencies = (
			);
			name = LiveDemo;
			productName = LiveDemo;
			productReference = D926EEC11D7E801700D56E88 /* LiveDemo.app */;
			productType = "com.apple.product-type.application";
		};
/* End PBXNativeTarget section */

/* Begin PBXProject section */
		D926EEB91D7E801700D56E88 /* Project object */ = {
			isa = PBXProject;
			attributes = {
				LastUpgradeCheck = 0730;
				ORGANIZATIONNAME = HaiShang;
				TargetAttributes = {
					D926EEC01D7E801700D56E88 = {
						CreatedOnToolsVersion = 7.3.1;
						DevelopmentTeam = P5N6CU5324;
						ProvisioningStyle = Manual;
					};
				};
			};
			buildConfigurationList = D926EEBC1D7E801700D56E88 /* Build configuration list for PBXProject "LiveDemo" */;
			compatibilityVersion = "Xcode 3.2";
			developmentRegion = English;
			hasScannedForEncodings = 0;
			knownRegions = (
				en,
				Base,
			);
			mainGroup = D926EEB81D7E801700D56E88;
			productRefGroup = D926EEC21D7E801700D56E88 /* Products */;
			projectDirPath = "";
			projectRoot = "";
			targets = (
				D926EEC01D7E801700D56E88 /* LiveDemo */,
			);
		};
/* End PBXProject section */

/* Begin PBXResourcesBuildPhase section */
		D926EEBF1D7E801700D56E88 /* Resources */ = {
			isa = PBXResourcesBuildPhase;
			buildActionMask = 2147483647;
			files = (
				D9C4D9F81DB77B8E0086BD19 /* VideoCore.framework in Resources */,
				D926EED71D7E801700D56E88 /* LaunchScreen.storyboard in Resources */,
				D926EED41D7E801700D56E88 /* Assets.xcassets in Resources */,
				D926EED21D7E801700D56E88 /* Main.storyboard in Resources */,
			);
			runOnlyForDeploymentPostprocessing = 0;
		};
/* End PBXResourcesBuildPhase section */

/* Begin PBXShellScriptBuildPhase section */
		76F445139CEEA9A509D78271 /* [CP] Copy Pods Resources */ = {
			isa = PBXShellScriptBuildPhase;
			buildActionMask = 2147483647;
			files = (
			);
			inputPaths = (
			);
			name = "[CP] Copy Pods Resources";
			outputPaths = (
			);
			runOnlyForDeploymentPostprocessing = 0;
			shellPath = /bin/sh;
			shellScript = "\"${SRCROOT}/Pods/Target Support Files/Pods-LiveDemo/Pods-LiveDemo-resources.sh\"\n";
			showEnvVarsInLog = 0;
		};
		96B96BB028A54339A9729674 /* [CP] Embed Pods Frameworks */ = {
			isa = PBXShellScriptBuildPhase;
			buildActionMask = 2147483647;
			files = (
			);
			inputPaths = (
			);
			name = "[CP] Embed Pods Frameworks";
			outputPaths = (
			);
			runOnlyForDeploymentPostprocessing = 0;
			shellPath = /bin/sh;
			shellScript = "\"${SRCROOT}/Pods/Target Support Files/Pods-LiveDemo/Pods-LiveDemo-frameworks.sh\"\n";
			showEnvVarsInLog = 0;
		};
		C50F74273442CA81B906FB11 /* [CP] Check Pods Manifest.lock */ = {
			isa = PBXShellScriptBuildPhase;
			buildActionMask = 2147483647;
			files = (
			);
			inputPaths = (
			);
			name = "[CP] Check Pods Manifest.lock";
			outputPaths = (
			);
			runOnlyForDeploymentPostprocessing = 0;
			shellPath = /bin/sh;
			shellScript = "diff \"${PODS_ROOT}/../Podfile.lock\" \"${PODS_ROOT}/Manifest.lock\" > /dev/null\nif [[ $? != 0 ]] ; then\n    cat << EOM\nerror: The sandbox is not in sync with the Podfile.lock. Run 'pod install' or update your CocoaPods installation.\nEOM\n    exit 1\nfi\n";
			showEnvVarsInLog = 0;
		};
/* End PBXShellScriptBuildPhase section */

/* Begin PBXSourcesBuildPhase section */
		D926EEBD1D7E801700D56E88 /* Sources */ = {
			isa = PBXSourcesBuildPhase;
			buildActionMask = 2147483647;
			files = (
				D926EEE81D7FF4CE00D56E88 /* SecondViewController.m in Sources */,
				D96B6B6F1DC899A700EDE198 /* TCViewController.m in Sources */,
				D9C4D9CF1DB7658E0086BD19 /* VideoSettingViewModel.m in Sources */,
				D926EF411D7FF59A00D56E88 /* UIColor+Tools.m in Sources */,
				D926EF3A1D7FF55B00D56E88 /* BaseNavVC.m in Sources */,
				D926EF2A1D7FF55300D56E88 /* HomeApiManager.m in Sources */,
				D926EEC91D7E801700D56E88 /* AppDelegate.m in Sources */,
				D96B6B6E1DC899A700EDE198 /* TCChatCell.m in Sources */,
				D9B76D1D1DC98EFE004D4F30 /* UserModel.m in Sources */,
				D926EF421D7FF59A00D56E88 /* UIView+Layout.m in Sources */,
				D9C4D9CE1DB7658E0086BD19 /* VideoSettingModel.m in Sources */,
				D9C4D9D21DB765EE0086BD19 /* Defines.m in Sources */,
				D926EF2E1D7FF55300D56E88 /* HomeDataModel.m in Sources */,
				D926EEE71D7FF4CE00D56E88 /* FirstViewController.m in Sources */,
				D9C4D9F31DB776630086BD19 /* StreamingViewModel.m in Sources */,
				D926EEEF1D7FF54B00D56E88 /* HTBaseAPIManager.m in Sources */,
				D926EEC61D7E801700D56E88 /* main.m in Sources */,
				D9C4D9F21DB776630086BD19 /* StreamingViewController.m in Sources */,
				D926EF3B1D7FF55B00D56E88 /* BaseWebVC.m in Sources */,
				D926EF471D8013C300D56E88 /* URLSet.m in Sources */,
				D9B76D201DC990C0004D4F30 /* MessageModel.m in Sources */,
				D9C4D9F01DB776630086BD19 /* StreamingModel.m in Sources */,
				D9C4D9EF1DB776630086BD19 /* StreamingLandscapeViewController.m in Sources */,
				D926EF391D7FF55B00D56E88 /* BaseVC.m in Sources */,
				D9C4D9F11DB776630086BD19 /* StreamingPortraitViewController.m in Sources */,
				D926EEEE1D7FF54B00D56E88 /* HTBaseAPIClient.m in Sources */,
				D9C4D9FE1DB780B90086BD19 /* DemoViewController.m in Sources */,
			);
			runOnlyForDeploymentPostprocessing = 0;
		};
/* End PBXSourcesBuildPhase section */

/* Begin PBXVariantGroup section */
		D926EED01D7E801700D56E88 /* Main.storyboard */ = {
			isa = PBXVariantGroup;
			children = (
				D926EED11D7E801700D56E88 /* Base */,
			);
			name = Main.storyboard;
			sourceTree = "<group>";
		};
		D926EED51D7E801700D56E88 /* LaunchScreen.storyboard */ = {
			isa = PBXVariantGroup;
			children = (
				D926EED61D7E801700D56E88 /* Base */,
			);
			name = LaunchScreen.storyboard;
			sourceTree = "<group>";
		};
/* End PBXVariantGroup section */

/* Begin XCBuildConfiguration section */
		D926EED91D7E801700D56E88 /* Debug */ = {
			isa = XCBuildConfiguration;
			buildSettings = {
				ALWAYS_SEARCH_USER_PATHS = NO;
				CLANG_ANALYZER_NONNULL = YES;
				CLANG_CXX_LANGUAGE_STANDARD = "gnu++0x";
				CLANG_CXX_LIBRARY = "libc++";
				CLANG_ENABLE_MODULES = YES;
				CLANG_ENABLE_OBJC_ARC = YES;
				CLANG_WARN_BOOL_CONVERSION = YES;
				CLANG_WARN_CONSTANT_CONVERSION = YES;
				CLANG_WARN_DIRECT_OBJC_ISA_USAGE = YES_ERROR;
				CLANG_WARN_EMPTY_BODY = YES;
				CLANG_WARN_ENUM_CONVERSION = YES;
				CLANG_WARN_INT_CONVERSION = YES;
				CLANG_WARN_OBJC_ROOT_CLASS = YES_ERROR;
				CLANG_WARN_UNREACHABLE_CODE = YES;
				CLANG_WARN__DUPLICATE_METHOD_MATCH = YES;
				"CODE_SIGN_IDENTITY[sdk=iphoneos*]" = "iPhone Developer";
				COPY_PHASE_STRIP = NO;
				DEBUG_INFORMATION_FORMAT = dwarf;
				ENABLE_STRICT_OBJC_MSGSEND = YES;
				ENABLE_TESTABILITY = YES;
				GCC_C_LANGUAGE_STANDARD = gnu99;
				GCC_DYNAMIC_NO_PIC = NO;
				GCC_NO_COMMON_BLOCKS = YES;
				GCC_OPTIMIZATION_LEVEL = 0;
				GCC_PREPROCESSOR_DEFINITIONS = (
					"DEBUG=1",
					"$(inherited)",
				);
				GCC_WARN_64_TO_32_BIT_CONVERSION = YES;
				GCC_WARN_ABOUT_RETURN_TYPE = YES_ERROR;
				GCC_WARN_UNDECLARED_SELECTOR = YES;
				GCC_WARN_UNINITIALIZED_AUTOS = YES_AGGRESSIVE;
				GCC_WARN_UNUSED_FUNCTION = YES;
				GCC_WARN_UNUSED_VARIABLE = YES;
				IPHONEOS_DEPLOYMENT_TARGET = 9.3;
				MTL_ENABLE_DEBUG_INFO = YES;
				ONLY_ACTIVE_ARCH = YES;
				SDKROOT = iphoneos;
			};
			name = Debug;
		};
		D926EEDA1D7E801700D56E88 /* Release */ = {
			isa = XCBuildConfiguration;
			buildSettings = {
				ALWAYS_SEARCH_USER_PATHS = NO;
				CLANG_ANALYZER_NONNULL = YES;
				CLANG_CXX_LANGUAGE_STANDARD = "gnu++0x";
				CLANG_CXX_LIBRARY = "libc++";
				CLANG_ENABLE_MODULES = YES;
				CLANG_ENABLE_OBJC_ARC = YES;
				CLANG_WARN_BOOL_CONVERSION = YES;
				CLANG_WARN_CONSTANT_CONVERSION = YES;
				CLANG_WARN_DIRECT_OBJC_ISA_USAGE = YES_ERROR;
				CLANG_WARN_EMPTY_BODY = YES;
				CLANG_WARN_ENUM_CONVERSION = YES;
				CLANG_WARN_INT_CONVERSION = YES;
				CLANG_WARN_OBJC_ROOT_CLASS = YES_ERROR;
				CLANG_WARN_UNREACHABLE_CODE = YES;
				CLANG_WARN__DUPLICATE_METHOD_MATCH = YES;
				"CODE_SIGN_IDENTITY[sdk=iphoneos*]" = "iPhone Developer";
				COPY_PHASE_STRIP = NO;
				DEBUG_INFORMATION_FORMAT = "dwarf-with-dsym";
				ENABLE_NS_ASSERTIONS = NO;
				ENABLE_STRICT_OBJC_MSGSEND = YES;
				GCC_C_LANGUAGE_STANDARD = gnu99;
				GCC_NO_COMMON_BLOCKS = YES;
				GCC_WARN_64_TO_32_BIT_CONVERSION = YES;
				GCC_WARN_ABOUT_RETURN_TYPE = YES_ERROR;
				GCC_WARN_UNDECLARED_SELECTOR = YES;
				GCC_WARN_UNINITIALIZED_AUTOS = YES_AGGRESSIVE;
				GCC_WARN_UNUSED_FUNCTION = YES;
				GCC_WARN_UNUSED_VARIABLE = YES;
				IPHONEOS_DEPLOYMENT_TARGET = 9.3;
				MTL_ENABLE_DEBUG_INFO = NO;
				SDKROOT = iphoneos;
				VALIDATE_PRODUCT = YES;
			};
			name = Release;
		};
		D926EEDC1D7E801700D56E88 /* Debug */ = {
			isa = XCBuildConfiguration;
			baseConfigurationReference = 020D0F76AAAE66EC52CAC102 /* Pods-LiveDemo.debug.xcconfig */;
			buildSettings = {
				ASSETCATALOG_COMPILER_APPICON_NAME = AppIcon;
				CODE_SIGN_IDENTITY = "iPhone Developer: Rixing Ye (U688F647H7)";
				DEVELOPMENT_TEAM = P5N6CU5324;
				FRAMEWORK_SEARCH_PATHS = (
					"$(inherited)",
					"$(PROJECT_DIR)/LiveDemo/Util/Video",
				);
				GCC_INCREASE_PRECOMPILED_HEADER_SHARING = NO;
				GCC_PRECOMPILE_PREFIX_HEADER = YES;
				GCC_PREFIX_HEADER = "$(SRCROOT)/LiveDemo/LiveDemo-Prefix.pch";
				INFOPLIST_FILE = LiveDemo/Info.plist;
				LD_RUNPATH_SEARCH_PATHS = "$(inherited) @executable_path @executable_path/Frameworks";
				PRODUCT_BUNDLE_IDENTIFIER = com.LearnEasy;
				PRODUCT_NAME = "$(TARGET_NAME)";
				PROVISIONING_PROFILE = "2ee82f99-9e96-42c2-b406-f4425d076d0f";
				PROVISIONING_PROFILE_SPECIFIER = LearyEasyDev;
				USER_HEADER_SEARCH_PATHS = "$(PROJECT_DIR)/LiveDemo/Util/Video";
			};
			name = Debug;
		};
		D926EEDD1D7E801700D56E88 /* Release */ = {
			isa = XCBuildConfiguration;
			baseConfigurationReference = A0CF0BA59BA20BB47BBE4994 /* Pods-LiveDemo.release.xcconfig */;
			buildSettings = {
				ASSETCATALOG_COMPILER_APPICON_NAME = AppIcon;
				DEVELOPMENT_TEAM = "";
				FRAMEWORK_SEARCH_PATHS = (
					"$(inherited)",
					"$(PROJECT_DIR)/LiveDemo/Util/Video",
				);
				GCC_INCREASE_PRECOMPILED_HEADER_SHARING = NO;
				GCC_PRECOMPILE_PREFIX_HEADER = YES;
				GCC_PREFIX_HEADER = "$(SRCROOT)/LiveDemo/LiveDemo-Prefix.pch";
				INFOPLIST_FILE = LiveDemo/Info.plist;
				LD_RUNPATH_SEARCH_PATHS = "$(inherited) @executable_path @executable_path/Frameworks";
				PRODUCT_BUNDLE_IDENTIFIER = com.LearnEasy;
				PRODUCT_NAME = "$(TARGET_NAME)";
				PROVISIONING_PROFILE = "";
				PROVISIONING_PROFILE_SPECIFIER = "";
				USER_HEADER_SEARCH_PATHS = "$(PROJECT_DIR)/LiveDemo/Util/Video";
			};
			name = Release;
		};
/* End XCBuildConfiguration section */

/* Begin XCConfigurationList section */
		D926EEBC1D7E801700D56E88 /* Build configuration list for PBXProject "LiveDemo" */ = {
			isa = XCConfigurationList;
			buildConfigurations = (
				D926EED91D7E801700D56E88 /* Debug */,
				D926EEDA1D7E801700D56E88 /* Release */,
			);
			defaultConfigurationIsVisible = 0;
			defaultConfigurationName = Release;
		};
		D926EEDB1D7E801700D56E88 /* Build configuration list for PBXNativeTarget "LiveDemo" */ = {
			isa = XCConfigurationList;
			buildConfigurations = (
				D926EEDC1D7E801700D56E88 /* Debug */,
				D926EEDD1D7E801700D56E88 /* Release */,
			);
			defaultConfigurationIsVisible = 0;
			defaultConfigurationName = Release;
		};
/* End XCConfigurationList section */
	};
	rootObject = D926EEB91D7E801700D56E88 /* Project object */;
}
